
Microsoft Visual Studio Solution File, Format Version 12.00
# Visual Studio 15
VisualStudioVersion = 15.0.27130.2036
MinimumVisualStudioVersion = 10.0.40219.1
Project("{8BC9CEB8-8B4A-11D0-8D11-00A0C91BC942}") = "libduktape", "libduktape\libduktape.vcxproj", "{7526802D-9C4C-467E-890D-D90401436B68}"
EndProject
Project("{FAE04EC0-301F-11D3-BF4B-00C04F79EFBC}") = "Duktape", "Duktape\Duktape.csproj", "{1A9762B5-2060-4141-8EE9-7853EFBC4201}"
EndProject
Project("{FAE04EC0-301F-11D3-BF4B-00C04F79EFBC}") = "DuktapeTest", "DuktapeTest\DuktapeTest.csproj", "{97CCF405-8A90-4536-8153-FA2549A38241}"
EndProject
Global
	GlobalSection(SolutionConfigurationPlatforms) = preSolution
		Debug|Any CPU = Debug|Any CPU
		Debug|ARM = Debug|ARM
		Debug|ARM64 = Debug|ARM64
		Debug|x64 = Debug|x64
		Debug|x86 = Debug|x86
		Release|Any CPU = Release|Any CPU
		Release|ARM = Release|ARM
		Release|ARM64 = Release|ARM64
		Release|x64 = Release|x64
		Release|x86 = Release|x86
	EndGlobalSection
	GlobalSection(ProjectConfigurationPlatforms) = postSolution
		{7526802D-9C4C-467E-890D-D90401436B68}.Debug|Any CPU.ActiveCfg = Debug|Win32
		{7526802D-9C4C-467E-890D-D90401436B68}.Debug|ARM.ActiveCfg = Debug|ARM
		{7526802D-9C4C-467E-890D-D90401436B68}.Debug|ARM.Build.0 = Debug|ARM
		{7526802D-9C4C-467E-890D-D90401436B68}.Debug|ARM64.ActiveCfg = Debug|ARM64
		{7526802D-9C4C-467E-890D-D90401436B68}.Debug|ARM64.Build.0 = Debug|ARM64
		{7526802D-9C4C-467E-890D-D90401436B68}.Debug|x64.ActiveCfg = Debug|x64
		{7526802D-9C4C-467E-890D-D90401436B68}.Debug|x64.Build.0 = Debug|x64
		{7526802D-9C4C-467E-890D-D90401436B68}.Debug|x86.ActiveCfg = Debug|Win32
		{7526802D-9C4C-467E-890D-D90401436B68}.Debug|x86.Build.0 = Debug|Win32
		{7526802D-9C4C-467E-890D-D90401436B68}.Release|Any CPU.ActiveCfg = Release|Win32
		{7526802D-9C4C-467E-890D-D90401436B68}.Release|ARM.ActiveCfg = Release|ARM
		{7526802D-9C4C-467E-890D-D90401436B68}.Release|ARM.Build.0 = Release|ARM
		{7526802D-9C4C-467E-890D-D90401436B68}.Release|ARM64.ActiveCfg = Release|ARM64
		{7526802D-9C4C-467E-890D-D90401436B68}.Release|ARM64.Build.0 = Release|ARM64
		{7526802D-9C4C-467E-890D-D90401436B68}.Release|x64.ActiveCfg = Release|x64
		{7526802D-9C4C-467E-890D-D90401436B68}.Release|x64.Build.0 = Release|x64
		{7526802D-9C4C-467E-890D-D90401436B68}.Release|x86.ActiveCfg = Release|Win32
		{7526802D-9C4C-467E-890D-D90401436B68}.Release|x86.Build.0 = Release|Win32
		{1A9762B5-2060-4141-8EE9-7853EFBC4201}.Debug|Any CPU.ActiveCfg = Debug|Any CPU
		{1A9762B5-2060-4141-8EE9-7853EFBC4201}.Debug|Any CPU.Build.0 = Debug|Any CPU
		{1A9762B5-2060-4141-8EE9-7853EFBC4201}.Debug|ARM.ActiveCfg = Debug|Any CPU
		{1A9762B5-2060-4141-8EE9-7853EFBC4201}.Debug|ARM.Build.0 = Debug|Any CPU
		{1A9762B5-2060-4141-8EE9-7853EFBC4201}.Debug|ARM64.ActiveCfg = Debug|Any CPU
		{1A9762B5-2060-4141-8EE9-7853EFBC4201}.Debug|ARM64.Build.0 = Debug|Any CPU
		{1A9762B5-2060-4141-8EE9-7853EFBC4201}.Debug|x64.ActiveCfg = Debug|Any CPU
		{1A9762B5-2060-4141-8EE9-7853EFBC4201}.Debug|x64.Build.0 = Debug|Any CPU
		{1A9762B5-2060-4141-8EE9-7853EFBC4201}.Debug|x86.ActiveCfg = Debug|Any CPU
		{1A9762B5-2060-4141-8EE9-7853EFBC4201}.Debug|x86.Build.0 = Debug|Any CPU
		{1A9762B5-2060-4141-8EE9-7853EFBC4201}.Release|Any CPU.ActiveCfg = Release|Any CPU
		{1A9762B5-2060-4141-8EE9-7853EFBC4201}.Release|Any CPU.Build.0 = Release|Any CPU
		{1A9762B5-2060-4141-8EE9-7853EFBC4201}.Release|ARM.ActiveCfg = Release|Any CPU
		{1A9762B5-2060-4141-8EE9-7853EFBC4201}.Release|ARM.Build.0 = Release|Any CPU
		{1A9762B5-2060-4141-8EE9-7853EFBC4201}.Release|ARM64.ActiveCfg = Release|Any CPU
		{1A9762B5-2060-4141-8EE9-7853EFBC4201}.Release|ARM64.Build.0 = Release|Any CPU
		{1A9762B5-2060-4141-8EE9-7853EFBC4201}.Release|x64.ActiveCfg = Release|Any CPU
		{1A9762B5-2060-4141-8EE9-7853EFBC4201}.Release|x64.Build.0 = Release|Any CPU
		{1A9762B5-2060-4141-8EE9-7853EFBC4201}.Release|x86.ActiveCfg = Release|Any CPU
		{1A9762B5-2060-4141-8EE9-7853EFBC4201}.Release|x86.Build.0 = Release|Any CPU
		{97CCF405-8A90-4536-8153-FA2549A38241}.Debug|Any CPU.ActiveCfg = Debug|Any CPU
		{97CCF405-8A90-4536-8153-FA2549A38241}.Debug|Any CPU.Build.0 = Debug|Any CPU
		{97CCF405-8A90-4536-8153-FA2549A38241}.Debug|ARM.ActiveCfg = Debug|Any CPU
		{97CCF405-8A90-4536-8153-FA2549A38241}.Debug|ARM.Build.0 = Debug|Any CPU
		{97CCF405-8A90-4536-8153-FA2549A38241}.Debug|ARM64.ActiveCfg = Debug|Any CPU
		{97CCF405-8A90-4536-8153-FA2549A38241}.Debug|ARM64.Build.0 = Debug|Any CPU
		{97CCF405-8A90-4536-8153-FA2549A38241}.Debug|x64.ActiveCfg = Debug|Any CPU
		{97CCF405-8A90-4536-8153-FA2549A38241}.Debug|x64.Build.0 = Debug|Any CPU
		{97CCF405-8A90-4536-8153-FA2549A38241}.Debug|x86.ActiveCfg = Debug|Any CPU
		{97CCF405-8A90-4536-8153-FA2549A38241}.Debug|x86.Build.0 = Debug|Any CPU
		{97CCF405-8A90-4536-8153-FA2549A38241}.Release|Any CPU.ActiveCfg = Release|Any CPU
		{97CCF405-8A90-4536-8153-FA2549A38241}.Release|Any CPU.Build.0 = Release|Any CPU
		{97CCF405-8A90-4536-8153-FA2549A38241}.Release|ARM.ActiveCfg = Release|Any CPU
		{97CCF405-8A90-4536-8153-FA2549A38241}.Release|ARM.Build.0 = Release|Any CPU
		{97CCF405-8A90-4536-8153-FA2549A38241}.Release|ARM64.ActiveCfg = Release|Any CPU
		{97CCF405-8A90-4536-8153-FA2549A38241}.Release|ARM64.Build.0 = Release|Any CPU
		{97CCF405-8A90-4536-8153-FA2549A38241}.Release|x64.ActiveCfg = Release|Any CPU
		{97CCF405-8A90-4536-8153-FA2549A38241}.Release|x64.Build.0 = Release|Any CPU
		{97CCF405-8A90-4536-8153-FA2549A38241}.Release|x86.ActiveCfg = Release|Any CPU
		{97CCF405-8A90-4536-8153-FA2549A38241}.Release|x86.Build.0 = Release|Any CPU
	EndGlobalSection
	GlobalSection(SolutionProperties) = preSolution
		HideSolutionNode = FALSE
	EndGlobalSection
	GlobalSection(ExtensibilityGlobals) = postSolution
		SolutionGuid = {0A069DD9-A128-43C5-A316-4B99E01397B3}
	EndGlobalSection
EndGlobal
